
Microsoft Visual Studio Solution File, Format Version 12.00
Project("{FAE04EC0-301F-11D3-BF4B-00C04F79EFBC}") = "kc-mod", "kc-mod.csproj", "{BE003AC4-6508-4941-A3BD-606F24037505}"
EndProject
Global
	GlobalSection(SolutionConfigurationPlatforms) = preSolution
		Debug|Any CPU = Debug|Any CPU
		Release|Any CPU = Release|Any CPU
	EndGlobalSection
	GlobalSection(ProjectConfigurationPlatforms) = postSolution
		{BE003AC4-6508-4941-A3BD-606F24037505}.Debug|Any CPU.ActiveCfg = Debug|Any CPU
		{BE003AC4-6508-4941-A3BD-606F24037505}.Debug|Any CPU.Build.0 = Debug|Any CPU
		{BE003AC4-6508-4941-A3BD-606F24037505}.Release|Any CPU.ActiveCfg = Release|Any CPU
		{BE003AC4-6508-4941-A3BD-606F24037505}.Release|Any CPU.Build.0 = Release|Any CPU
	EndGlobalSection
EndGlobal
